
Microsoft Visual Studio Solution File, Format Version 12.00
# Visual Studio Version 17
VisualStudioVersion = 17.9.34728.123
MinimumVisualStudioVersion = 10.0.40219.1
Project("{9A19103F-16F7-4668-BE54-9A1E7A4F7556}") = "Api", "Api\Api.csproj", "{AB57398D-175F-4912-B7EA-48ED4FFF2938}"
EndProject
Project("{FAE04EC0-301F-11D3-BF4B-00C04F79EFBC}") = "Domain", "Domain\Domain.csproj", "{D5A75E28-59DB-4C87-9CB2-F39617914281}"
EndProject
Project("{FAE04EC0-301F-11D3-BF4B-00C04F79EFBC}") = "Application", "Application\Application.csproj", "{240169C3-30CD-4789-A999-9EEBC1FC4FBE}"
EndProject
Project("{FAE04EC0-301F-11D3-BF4B-00C04F79EFBC}") = "Infrastructure", "Infrastructure\Infrastructure.csproj", "{744CA0AE-63F8-4FE4-94A4-4F02705CFF6F}"
EndProject
Global
	GlobalSection(SolutionConfigurationPlatforms) = preSolution
		Debug|Any CPU = Debug|Any CPU
		Release|Any CPU = Release|Any CPU
	EndGlobalSection
	GlobalSection(ProjectConfigurationPlatforms) = postSolution
		{AB57398D-175F-4912-B7EA-48ED4FFF2938}.Debug|Any CPU.ActiveCfg = Debug|Any CPU
		{AB57398D-175F-4912-B7EA-48ED4FFF2938}.Debug|Any CPU.Build.0 = Debug|Any CPU
		{AB57398D-175F-4912-B7EA-48ED4FFF2938}.Release|Any CPU.ActiveCfg = Release|Any CPU
		{AB57398D-175F-4912-B7EA-48ED4FFF2938}.Release|Any CPU.Build.0 = Release|Any CPU
		{D5A75E28-59DB-4C87-9CB2-F39617914281}.Debug|Any CPU.ActiveCfg = Debug|Any CPU
		{D5A75E28-59DB-4C87-9CB2-F39617914281}.Debug|Any CPU.Build.0 = Debug|Any CPU
		{D5A75E28-59DB-4C87-9CB2-F39617914281}.Release|Any CPU.ActiveCfg = Release|Any CPU
		{D5A75E28-59DB-4C87-9CB2-F39617914281}.Release|Any CPU.Build.0 = Release|Any CPU
		{240169C3-30CD-4789-A999-9EEBC1FC4FBE}.Debug|Any CPU.ActiveCfg = Debug|Any CPU
		{240169C3-30CD-4789-A999-9EEBC1FC4FBE}.Debug|Any CPU.Build.0 = Debug|Any CPU
		{240169C3-30CD-4789-A999-9EEBC1FC4FBE}.Release|Any CPU.ActiveCfg = Release|Any CPU
		{240169C3-30CD-4789-A999-9EEBC1FC4FBE}.Release|Any CPU.Build.0 = Release|Any CPU
		{744CA0AE-63F8-4FE4-94A4-4F02705CFF6F}.Debug|Any CPU.ActiveCfg = Debug|Any CPU
		{744CA0AE-63F8-4FE4-94A4-4F02705CFF6F}.Debug|Any CPU.Build.0 = Debug|Any CPU
		{744CA0AE-63F8-4FE4-94A4-4F02705CFF6F}.Release|Any CPU.ActiveCfg = Release|Any CPU
		{744CA0AE-63F8-4FE4-94A4-4F02705CFF6F}.Release|Any CPU.Build.0 = Release|Any CPU
	EndGlobalSection
	GlobalSection(SolutionProperties) = preSolution
		HideSolutionNode = FALSE
	EndGlobalSection
	GlobalSection(ExtensibilityGlobals) = postSolution
		SolutionGuid = {492A7143-8CE1-4AD1-89D7-DA323B60BB3E}
	EndGlobalSection
EndGlobal
